PODS:
  - UnitAudioConverter (0.1.1)

DEPENDENCIES:
  - UnitAudioConverter (~> 0.1.1)

SPEC REPOS:
  https://github.com/CocoaPods/Specs.git:
    - UnitAudioConverter

SPEC CHECKSUMS:
  UnitAudioConverter: 3520cfdd2e9827442c5cb54e99d1b65944827c40

PODFILE CHECKSUM: fd9640b602ad339a3463c9144e9b3be4ecf68fc2

COCOAPODS: 1.10.1
